{
  "lockfile_version": "1",
  "packages": {
    "github:NixOS/nixpkgs/nixpkgs-unstable": {
      "last_modified": "2026-01-14T12:51:35Z",
      "resolved": "github:NixOS/nixpkgs/13868c071cc73a5e9f610c47d7bb08e5da64fdd5?lastModified=1768395095"
    },
    "go-task@latest": {
      "last_modified": "2025-12-31T03:27:36Z",
      "resolved": "github:NixOS/nixpkgs/f665af0cdb70ed27e1bd8f9fdfecaf451260fc55#go-task",
      "source": "devbox-search",
      "version": "3.45.5",
      "systems": {
        "aarch64-darwin": {
          "outputs": [
            {
              "name": "out",
              "path": "/nix/store/9ybcllfqylj7a7w42kiw9vqwd941s5lw-go-task-3.45.5",
              "default": true
            }
          ],
          "store_path": "/nix/store/9ybcllfqylj7a7w42kiw9vqwd941s5lw-go-task-3.45.5"
        },
        "aarch64-linux": {
          "outputs": [
            {
              "name": "out",
              "path": "/nix/store/xiyrhd65ya9ynf3mrvb9kfg00x7nf1m6-go-task-3.45.5",
              "default": true
            }
          ],
          "store_path": "/nix/store/xiyrhd65ya9ynf3mrvb9kfg00x7nf1m6-go-task-3.45.5"
        },
        "x86_64-darwin": {
          "outputs": [
            {
              "name": "out",
              "path": "/nix/store/znxnsk6k9ar637pi2dimrxmijqq0lf0b-go-task-3.45.5",
              "default": true
            }
          ],
          "store_path": "/nix/store/znxnsk6k9ar637pi2dimrxmijqq0lf0b-go-task-3.45.5"
        },
        "x86_64-linux": {
          "outputs": [
            {
              "name": "out",
              "path": "/nix/store/w2hq0and0k2v1l4fbfsa6r4sadvixhsg-go-task-3.45.5",
              "default": true
            }
          ],
          "store_path": "/nix/store/w2hq0and0k2v1l4fbfsa6r4sadvixhsg-go-task-3.45.5"
        }
      }
    },
    "kubectl@latest": {
      "last_modified": "2026-01-09T13:41:53Z",
      "resolved": "github:NixOS/nixpkgs/5f02c91314c8ba4afe83b256b023756412218535#kubectl",
      "source": "devbox-search",
      "version": "1.35.0",
      "systems": {
        "aarch64-darwin": {
          "outputs": [
            {
              "name": "out",
              "path": "/nix/store/1pmn1vxfffzz5mxj3h0ijzpsynq50l5g-kubectl-1.35.0",
              "default": true
            },
            {
              "name": "man",
              "path": "/nix/store/hh6nircg2v5iickmqfyx469f69rj0kag-kubectl-1.35.0-man",
              "default": true
            },
            {
              "name": "convert",
              "path": "/nix/store/z72fbf5mxilrrlsfvdacxbw27k0gszdf-kubectl-1.35.0-convert"
            }
          ],
          "store_path": "/nix/store/1pmn1vxfffzz5mxj3h0ijzpsynq50l5g-kubectl-1.35.0"
        },
        "aarch64-linux": {
          "outputs": [
            {
              "name": "out",
              "path": "/nix/store/fj8rhz380v89c3mq3br9ipislabppj4c-kubectl-1.35.0",
              "default": true
            },
            {
              "name": "man",
              "path": "/nix/store/hawgdz85f9qq9nalyq4nbrjbjw1f3356-kubectl-1.35.0-man",
              "default": true
            },
            {
              "name": "convert",
              "path": "/nix/store/dv5kh8sv8q3kkzcw4lnbkknm2pzxv5ig-kubectl-1.35.0-convert"
            }
          ],
          "store_path": "/nix/store/fj8rhz380v89c3mq3br9ipislabppj4c-kubectl-1.35.0"
        },
        "x86_64-darwin": {
          "outputs": [
            {
              "name": "out",
              "path": "/nix/store/d3gm9hvgbdhin2jh7nd8gwrf90jlmsw7-kubectl-1.35.0",
              "default": true
            },
            {
              "name": "man",
              "path": "/nix/store/za9ay0cna5hcqqmdk0flwinkd882997n-kubectl-1.35.0-man",
              "default": true
            },
            {
              "name": "convert",
              "path": "/nix/store/5r5vrq35nbcp8wgflvwmigvr6iqx85n5-kubectl-1.35.0-convert"
            }
          ],
          "store_path": "/nix/store/d3gm9hvgbdhin2jh7nd8gwrf90jlmsw7-kubectl-1.35.0"
        },
        "x86_64-linux": {
          "outputs": [
            {
              "name": "out",
              "path": "/nix/store/bbnq3nrmlhq0yjfhw84ciscpbr6hsb3b-kubectl-1.35.0",
              "default": true
            },
            {
              "name": "man",
              "path": "/nix/store/mnm7km6ik2x0pfhnylfm06vgxqvc78k0-kubectl-1.35.0-man",
              "default": true
            },
            {
              "name": "convert",
              "path": "/nix/store/c88x5qq16ih9i7iv4zyx81w2zijqzmlf-kubectl-1.35.0-convert"
            }
          ],
          "store_path": "/nix/store/bbnq3nrmlhq0yjfhw84ciscpbr6hsb3b-kubectl-1.35.0"
        }
      }
    },
    "kubernetes-helm@latest": {
      "last_modified": "2025-12-31T03:27:36Z",
      "resolved": "github:NixOS/nixpkgs/f665af0cdb70ed27e1bd8f9fdfecaf451260fc55#kubernetes-helm",
      "source": "devbox-search",
      "version": "3.19.1",
      "systems": {
        "aarch64-darwin": {
          "outputs": [
            {
              "name": "out",
              "path": "/nix/store/8p5hwk87jkd26w6lmj7ma0f5qdi9i7fb-kubernetes-helm-3.19.1",
              "default": true
            }
          ],
          "store_path": "/nix/store/8p5hwk87jkd26w6lmj7ma0f5qdi9i7fb-kubernetes-helm-3.19.1"
        },
        "aarch64-linux": {
          "outputs": [
            {
              "name": "out",
              "path": "/nix/store/z773dqh5w017a1c6jhzlqcnq6ivwwjz9-kubernetes-helm-3.19.1",
              "default": true
            }
          ],
          "store_path": "/nix/store/z773dqh5w017a1c6jhzlqcnq6ivwwjz9-kubernetes-helm-3.19.1"
        },
        "x86_64-darwin": {
          "outputs": [
            {
              "name": "out",
              "path": "/nix/store/m5wzcpj7yfdkv9za53d2hv81m3zxy745-kubernetes-helm-3.19.1",
              "default": true
            }
          ],
          "store_path": "/nix/store/m5wzcpj7yfdkv9za53d2hv81m3zxy745-kubernetes-helm-3.19.1"
        },
        "x86_64-linux": {
          "outputs": [
            {
              "name": "out",
              "path": "/nix/store/rv448bzmz78z9vqvgy92428ybjp0nxzi-kubernetes-helm-3.19.1",
              "default": true
            }
          ],
          "store_path": "/nix/store/rv448bzmz78z9vqvgy92428ybjp0nxzi-kubernetes-helm-3.19.1"
        }
      }
    }
  }
}
